
Microsoft Visual Studio Solution File, Format Version 12.00
# Visual Studio Version 17
VisualStudioVersion = 17.5.002.0
MinimumVisualStudioVersion = 10.0.40219.1
Project("{2150E333-8FDC-42A3-9474-1A3956D46DE8}") = "CsharpProjects", "CsharpProjects", "{DEEFD7D2-8CA4-491D-8DC7-4DA87C32BEC2}"
EndProject
Project("{9A19103F-16F7-4668-BE54-9A1E7A4F7556}") = "TestProject", "CsharpProjects\TestProject\TestProject.csproj", "{EF12AB56-EBF1-4F0C-9289-BD01724F8ECA}"
EndProject
Global
	GlobalSection(SolutionConfigurationPlatforms) = preSolution
		Debug|Any CPU = Debug|Any CPU
		Release|Any CPU = Release|Any CPU
	EndGlobalSection
	GlobalSection(ProjectConfigurationPlatforms) = postSolution
		{EF12AB56-EBF1-4F0C-9289-BD01724F8ECA}.Debug|Any CPU.ActiveCfg = Debug|Any CPU
		{EF12AB56-EBF1-4F0C-9289-BD01724F8ECA}.Debug|Any CPU.Build.0 = Debug|Any CPU
		{EF12AB56-EBF1-4F0C-9289-BD01724F8ECA}.Release|Any CPU.ActiveCfg = Release|Any CPU
		{EF12AB56-EBF1-4F0C-9289-BD01724F8ECA}.Release|Any CPU.Build.0 = Release|Any CPU
	EndGlobalSection
	GlobalSection(SolutionProperties) = preSolution
		HideSolutionNode = FALSE
	EndGlobalSection
	GlobalSection(NestedProjects) = preSolution
		{EF12AB56-EBF1-4F0C-9289-BD01724F8ECA} = {DEEFD7D2-8CA4-491D-8DC7-4DA87C32BEC2}
	EndGlobalSection
	GlobalSection(ExtensibilityGlobals) = postSolution
		SolutionGuid = {CC085538-2795-41B5-8C59-90D41A40ED97}
	EndGlobalSection
EndGlobal
